
Microsoft Visual Studio Solution File, Format Version 12.00
# Visual Studio Version 16
VisualStudioVersion = 16.0.30717.126
MinimumVisualStudioVersion = 10.0.40219.1
Project("{9A19103F-16F7-4668-BE54-9A1E7A4F7556}") = "BlazorServerSideAAD", "BlazorServerSideAAD\BlazorServerSideAAD.csproj", "{03229361-E06A-4C8A-AF04-A2758690C388}"
EndProject
Global
	GlobalSection(SolutionConfigurationPlatforms) = preSolution
		Debug|Any CPU = Debug|Any CPU
		Release|Any CPU = Release|Any CPU
	EndGlobalSection
	GlobalSection(ProjectConfigurationPlatforms) = postSolution
		{03229361-E06A-4C8A-AF04-A2758690C388}.Debug|Any CPU.ActiveCfg = Debug|Any CPU
		{03229361-E06A-4C8A-AF04-A2758690C388}.Debug|Any CPU.Build.0 = Debug|Any CPU
		{03229361-E06A-4C8A-AF04-A2758690C388}.Release|Any CPU.ActiveCfg = Release|Any CPU
		{03229361-E06A-4C8A-AF04-A2758690C388}.Release|Any CPU.Build.0 = Release|Any CPU
	EndGlobalSection
	GlobalSection(SolutionProperties) = preSolution
		HideSolutionNode = FALSE
	EndGlobalSection
	GlobalSection(ExtensibilityGlobals) = postSolution
		SolutionGuid = {FEAEB537-1F93-4568-93CA-FB96288B787B}
	EndGlobalSection
EndGlobal
