
Microsoft Visual Studio Solution File, Format Version 12.00
# Visual Studio Version 16
VisualStudioVersion = 16.0.30717.126
MinimumVisualStudioVersion = 10.0.40219.1
Project("{9A19103F-16F7-4668-BE54-9A1E7A4F7556}") = "BlazorServerAAD", "BlazorServerAAD\BlazorServerAAD.csproj", "{06A3EB76-1464-4ADA-AB8A-E96D85CAF00A}"
EndProject
Project("{9A19103F-16F7-4668-BE54-9A1E7A4F7556}") = "WebApiNetCore3", "WebApiNetCore3\WebApiNetCore3.csproj", "{5B825EA4-3942-417C-A5F6-4E70BC76F2F3}"
EndProject
Project("{FAE04EC0-301F-11D3-BF4B-00C04F79EFBC}") = "Client.Services", "Client.Services\Client.Services.csproj", "{A12447FE-88C7-470A-8A30-4377EBD49476}"
EndProject
Global
	GlobalSection(SolutionConfigurationPlatforms) = preSolution
		Debug|Any CPU = Debug|Any CPU
		Release|Any CPU = Release|Any CPU
	EndGlobalSection
	GlobalSection(ProjectConfigurationPlatforms) = postSolution
		{06A3EB76-1464-4ADA-AB8A-E96D85CAF00A}.Debug|Any CPU.ActiveCfg = Debug|Any CPU
		{06A3EB76-1464-4ADA-AB8A-E96D85CAF00A}.Debug|Any CPU.Build.0 = Debug|Any CPU
		{06A3EB76-1464-4ADA-AB8A-E96D85CAF00A}.Release|Any CPU.ActiveCfg = Release|Any CPU
		{06A3EB76-1464-4ADA-AB8A-E96D85CAF00A}.Release|Any CPU.Build.0 = Release|Any CPU
		{5B825EA4-3942-417C-A5F6-4E70BC76F2F3}.Debug|Any CPU.ActiveCfg = Debug|Any CPU
		{5B825EA4-3942-417C-A5F6-4E70BC76F2F3}.Debug|Any CPU.Build.0 = Debug|Any CPU
		{5B825EA4-3942-417C-A5F6-4E70BC76F2F3}.Release|Any CPU.ActiveCfg = Release|Any CPU
		{5B825EA4-3942-417C-A5F6-4E70BC76F2F3}.Release|Any CPU.Build.0 = Release|Any CPU
		{A12447FE-88C7-470A-8A30-4377EBD49476}.Debug|Any CPU.ActiveCfg = Debug|Any CPU
		{A12447FE-88C7-470A-8A30-4377EBD49476}.Debug|Any CPU.Build.0 = Debug|Any CPU
		{A12447FE-88C7-470A-8A30-4377EBD49476}.Release|Any CPU.ActiveCfg = Release|Any CPU
		{A12447FE-88C7-470A-8A30-4377EBD49476}.Release|Any CPU.Build.0 = Release|Any CPU
	EndGlobalSection
	GlobalSection(SolutionProperties) = preSolution
		HideSolutionNode = FALSE
	EndGlobalSection
	GlobalSection(ExtensibilityGlobals) = postSolution
		SolutionGuid = {FEAEB537-1F93-4568-93CA-FB96288B787B}
	EndGlobalSection
EndGlobal
